
Microsoft Visual Studio Solution File, Format Version 12.00
# Visual Studio 15
VisualStudioVersion = 15.0.28307.572
MinimumVisualStudioVersion = 10.0.40219.1
Project("{FAE04EC0-301F-11D3-BF4B-00C04F79EFBC}") = "BankingOne", "BankingOne\BankingOne.csproj", "{9B28F2FE-7D04-411B-85F7-16F3DFA8C47B}"
EndProject
Project("{FAE04EC0-301F-11D3-BF4B-00C04F79EFBC}") = "UnitTestProject1", "UnitTestProject1\UnitTestProject1.csproj", "{024E6AAC-88EF-4A3B-BDA6-2D489E3F11F5}"
EndProject
Global
	GlobalSection(SolutionConfigurationPlatforms) = preSolution
		Debug|Any CPU = Debug|Any CPU
		Release|Any CPU = Release|Any CPU
	EndGlobalSection
	GlobalSection(ProjectConfigurationPlatforms) = postSolution
		{9B28F2FE-7D04-411B-85F7-16F3DFA8C47B}.Debug|Any CPU.ActiveCfg = Debug|Any CPU
		{9B28F2FE-7D04-411B-85F7-16F3DFA8C47B}.Debug|Any CPU.Build.0 = Debug|Any CPU
		{9B28F2FE-7D04-411B-85F7-16F3DFA8C47B}.Release|Any CPU.ActiveCfg = Release|Any CPU
		{9B28F2FE-7D04-411B-85F7-16F3DFA8C47B}.Release|Any CPU.Build.0 = Release|Any CPU
		{024E6AAC-88EF-4A3B-BDA6-2D489E3F11F5}.Debug|Any CPU.ActiveCfg = Debug|Any CPU
		{024E6AAC-88EF-4A3B-BDA6-2D489E3F11F5}.Debug|Any CPU.Build.0 = Debug|Any CPU
		{024E6AAC-88EF-4A3B-BDA6-2D489E3F11F5}.Release|Any CPU.ActiveCfg = Release|Any CPU
		{024E6AAC-88EF-4A3B-BDA6-2D489E3F11F5}.Release|Any CPU.Build.0 = Release|Any CPU
	EndGlobalSection
	GlobalSection(SolutionProperties) = preSolution
		HideSolutionNode = FALSE
	EndGlobalSection
	GlobalSection(ExtensibilityGlobals) = postSolution
		SolutionGuid = {CCE2299E-0969-4928-9323-81A2EA971FAB}
	EndGlobalSection
EndGlobal
